
Microsoft Visual Studio Solution File, Format Version 12.00
# Visual Studio Version 16
VisualStudioVersion = 16.0.29326.143
MinimumVisualStudioVersion = 10.0.40219.1
Project("{9A19103F-16F7-4668-BE54-9A1E7A4F7556}") = "CSharpRecompileExample", "CSharpRecompileExample.csproj", "{4149B620-65D6-4541-AF80-1A16C8F96AD3}"
EndProject
Global
	GlobalSection(SolutionConfigurationPlatforms) = preSolution
		Debug|Any CPU = Debug|Any CPU
		Release|Any CPU = Release|Any CPU
	EndGlobalSection
	GlobalSection(ProjectConfigurationPlatforms) = postSolution
		{4149B620-65D6-4541-AF80-1A16C8F96AD3}.Debug|Any CPU.ActiveCfg = Debug|Any CPU
		{4149B620-65D6-4541-AF80-1A16C8F96AD3}.Debug|Any CPU.Build.0 = Debug|Any CPU
		{4149B620-65D6-4541-AF80-1A16C8F96AD3}.Release|Any CPU.ActiveCfg = Release|Any CPU
		{4149B620-65D6-4541-AF80-1A16C8F96AD3}.Release|Any CPU.Build.0 = Release|Any CPU
	EndGlobalSection
	GlobalSection(SolutionProperties) = preSolution
		HideSolutionNode = FALSE
	EndGlobalSection
	GlobalSection(ExtensibilityGlobals) = postSolution
		SolutionGuid = {2C058C7D-046D-4E3C-89C0-7413C830B9D9}
	EndGlobalSection
EndGlobal
